
Microsoft Visual Studio Solution File, Format Version 12.00
# Visual Studio Version 17
VisualStudioVersion = 17.4.33103.184
MinimumVisualStudioVersion = 10.0.40219.1
Project("{FAE04EC0-301F-11D3-BF4B-00C04F79EFBC}") = "_GMTEGRATOR", "_GMTEGRATOR\_GMTEGRATOR.csproj", "{01E2C685-2EA9-4F05-A4BC-84D8BB38B483}"
EndProject
Global
	GlobalSection(SolutionConfigurationPlatforms) = preSolution
		Debug|Any CPU = Debug|Any CPU
		Release|Any CPU = Release|Any CPU
	EndGlobalSection
	GlobalSection(ProjectConfigurationPlatforms) = postSolution
		{01E2C685-2EA9-4F05-A4BC-84D8BB38B483}.Debug|Any CPU.ActiveCfg = Debug|Any CPU
		{01E2C685-2EA9-4F05-A4BC-84D8BB38B483}.Debug|Any CPU.Build.0 = Debug|Any CPU
		{01E2C685-2EA9-4F05-A4BC-84D8BB38B483}.Release|Any CPU.ActiveCfg = Release|Any CPU
		{01E2C685-2EA9-4F05-A4BC-84D8BB38B483}.Release|Any CPU.Build.0 = Release|Any CPU
	EndGlobalSection
	GlobalSection(SolutionProperties) = preSolution
		HideSolutionNode = FALSE
	EndGlobalSection
	GlobalSection(ExtensibilityGlobals) = postSolution
		SolutionGuid = {12C7B90C-BF1F-453F-B582-4DD4355B8692}
	EndGlobalSection
EndGlobal
